
Microsoft Visual Studio Solution File, Format Version 12.00
Project("{2150E333-8FDC-42A3-9474-1A3956D46DE8}") = "Task1", "Task1", "{F7FA9893-9E0D-4F7E-B170-A44A2C35603C}"
EndProject
Project("{2150E333-8FDC-42A3-9474-1A3956D46DE8}") = "Task2", "Task2", "{980509FF-4BBA-43E8-89B5-AAE6C75CC776}"
EndProject
Project("{2150E333-8FDC-42A3-9474-1A3956D46DE8}") = "Task3", "Task3", "{29B45588-0C26-41A9-A189-435918427762}"
EndProject
Project("{FAE04EC0-301F-11D3-BF4B-00C04F79EFBC}") = "Compression", "Compression\Compression.csproj", "{D76EF55D-F338-433D-818C-C31A074C1B79}"
EndProject
Project("{FAE04EC0-301F-11D3-BF4B-00C04F79EFBC}") = "Client", "Client\Client.csproj", "{BA564A7A-7F74-4990-B12F-27C2621CAAAB}"
EndProject
Project("{FAE04EC0-301F-11D3-BF4B-00C04F79EFBC}") = "Server", "Server\Server.csproj", "{4381E4BA-0B90-48BE-B002-DDBB96343B7F}"
EndProject
Project("{FAE04EC0-301F-11D3-BF4B-00C04F79EFBC}") = "Log", "Log\Log.csproj", "{7E8CE099-2A15-4E72-BC05-5E9556298B9A}"
EndProject
Global
	GlobalSection(SolutionConfigurationPlatforms) = preSolution
		Debug|Any CPU = Debug|Any CPU
		Release|Any CPU = Release|Any CPU
	EndGlobalSection
	GlobalSection(ProjectConfigurationPlatforms) = postSolution
		{D76EF55D-F338-433D-818C-C31A074C1B79}.Debug|Any CPU.ActiveCfg = Debug|Any CPU
		{D76EF55D-F338-433D-818C-C31A074C1B79}.Debug|Any CPU.Build.0 = Debug|Any CPU
		{D76EF55D-F338-433D-818C-C31A074C1B79}.Release|Any CPU.ActiveCfg = Release|Any CPU
		{D76EF55D-F338-433D-818C-C31A074C1B79}.Release|Any CPU.Build.0 = Release|Any CPU
		{BA564A7A-7F74-4990-B12F-27C2621CAAAB}.Debug|Any CPU.ActiveCfg = Debug|Any CPU
		{BA564A7A-7F74-4990-B12F-27C2621CAAAB}.Debug|Any CPU.Build.0 = Debug|Any CPU
		{BA564A7A-7F74-4990-B12F-27C2621CAAAB}.Release|Any CPU.ActiveCfg = Release|Any CPU
		{BA564A7A-7F74-4990-B12F-27C2621CAAAB}.Release|Any CPU.Build.0 = Release|Any CPU
		{4381E4BA-0B90-48BE-B002-DDBB96343B7F}.Debug|Any CPU.ActiveCfg = Debug|Any CPU
		{4381E4BA-0B90-48BE-B002-DDBB96343B7F}.Debug|Any CPU.Build.0 = Debug|Any CPU
		{4381E4BA-0B90-48BE-B002-DDBB96343B7F}.Release|Any CPU.ActiveCfg = Release|Any CPU
		{4381E4BA-0B90-48BE-B002-DDBB96343B7F}.Release|Any CPU.Build.0 = Release|Any CPU
		{7E8CE099-2A15-4E72-BC05-5E9556298B9A}.Debug|Any CPU.ActiveCfg = Debug|Any CPU
		{7E8CE099-2A15-4E72-BC05-5E9556298B9A}.Debug|Any CPU.Build.0 = Debug|Any CPU
		{7E8CE099-2A15-4E72-BC05-5E9556298B9A}.Release|Any CPU.ActiveCfg = Release|Any CPU
		{7E8CE099-2A15-4E72-BC05-5E9556298B9A}.Release|Any CPU.Build.0 = Release|Any CPU
	EndGlobalSection
	GlobalSection(NestedProjects) = preSolution
		{D76EF55D-F338-433D-818C-C31A074C1B79} = {F7FA9893-9E0D-4F7E-B170-A44A2C35603C}
		{BA564A7A-7F74-4990-B12F-27C2621CAAAB} = {980509FF-4BBA-43E8-89B5-AAE6C75CC776}
		{4381E4BA-0B90-48BE-B002-DDBB96343B7F} = {980509FF-4BBA-43E8-89B5-AAE6C75CC776}
		{7E8CE099-2A15-4E72-BC05-5E9556298B9A} = {29B45588-0C26-41A9-A189-435918427762}
	EndGlobalSection
EndGlobal
